
Microsoft Visual Studio Solution File, Format Version 12.00
# Visual Studio 15
VisualStudioVersion = 15.0.28307.329
MinimumVisualStudioVersion = 10.0.40219.1
Project("{FAE04EC0-301F-11D3-BF4B-00C04F79EFBC}") = "Task1", "Task1\Task1.csproj", "{4A81E3C3-ECD0-4B2E-88FC-2C0AAAA20415}"
EndProject
Project("{FAE04EC0-301F-11D3-BF4B-00C04F79EFBC}") = "Task2", "Task2\Task2.csproj", "{F4B2E292-65AA-4B1B-949A-B72D007D572F}"
EndProject
Project("{FAE04EC0-301F-11D3-BF4B-00C04F79EFBC}") = "Task3", "Task3\Task3.csproj", "{E7E06619-F6E6-44B4-A1E2-382AA9F9FF05}"
EndProject
Project("{FAE04EC0-301F-11D3-BF4B-00C04F79EFBC}") = "Task4", "Task4\Task4.csproj", "{D2B19CEF-E231-4B65-9845-24B5CCE9F55A}"
EndProject
Project("{FAE04EC0-301F-11D3-BF4B-00C04F79EFBC}") = "Task5", "Task5\Task5.csproj", "{E9D6888A-30C4-4138-95C3-56E5A6D15AB2}"
EndProject
Global
	GlobalSection(SolutionConfigurationPlatforms) = preSolution
		Debug|Any CPU = Debug|Any CPU
		Release|Any CPU = Release|Any CPU
	EndGlobalSection
	GlobalSection(ProjectConfigurationPlatforms) = postSolution
		{4A81E3C3-ECD0-4B2E-88FC-2C0AAAA20415}.Debug|Any CPU.ActiveCfg = Debug|Any CPU
		{4A81E3C3-ECD0-4B2E-88FC-2C0AAAA20415}.Debug|Any CPU.Build.0 = Debug|Any CPU
		{4A81E3C3-ECD0-4B2E-88FC-2C0AAAA20415}.Release|Any CPU.ActiveCfg = Release|Any CPU
		{4A81E3C3-ECD0-4B2E-88FC-2C0AAAA20415}.Release|Any CPU.Build.0 = Release|Any CPU
		{F4B2E292-65AA-4B1B-949A-B72D007D572F}.Debug|Any CPU.ActiveCfg = Debug|Any CPU
		{F4B2E292-65AA-4B1B-949A-B72D007D572F}.Debug|Any CPU.Build.0 = Debug|Any CPU
		{F4B2E292-65AA-4B1B-949A-B72D007D572F}.Release|Any CPU.ActiveCfg = Release|Any CPU
		{F4B2E292-65AA-4B1B-949A-B72D007D572F}.Release|Any CPU.Build.0 = Release|Any CPU
		{E7E06619-F6E6-44B4-A1E2-382AA9F9FF05}.Debug|Any CPU.ActiveCfg = Debug|Any CPU
		{E7E06619-F6E6-44B4-A1E2-382AA9F9FF05}.Debug|Any CPU.Build.0 = Debug|Any CPU
		{E7E06619-F6E6-44B4-A1E2-382AA9F9FF05}.Release|Any CPU.ActiveCfg = Release|Any CPU
		{E7E06619-F6E6-44B4-A1E2-382AA9F9FF05}.Release|Any CPU.Build.0 = Release|Any CPU
		{D2B19CEF-E231-4B65-9845-24B5CCE9F55A}.Debug|Any CPU.ActiveCfg = Debug|Any CPU
		{D2B19CEF-E231-4B65-9845-24B5CCE9F55A}.Debug|Any CPU.Build.0 = Debug|Any CPU
		{D2B19CEF-E231-4B65-9845-24B5CCE9F55A}.Release|Any CPU.ActiveCfg = Release|Any CPU
		{D2B19CEF-E231-4B65-9845-24B5CCE9F55A}.Release|Any CPU.Build.0 = Release|Any CPU
		{E9D6888A-30C4-4138-95C3-56E5A6D15AB2}.Debug|Any CPU.ActiveCfg = Debug|Any CPU
		{E9D6888A-30C4-4138-95C3-56E5A6D15AB2}.Debug|Any CPU.Build.0 = Debug|Any CPU
		{E9D6888A-30C4-4138-95C3-56E5A6D15AB2}.Release|Any CPU.ActiveCfg = Release|Any CPU
		{E9D6888A-30C4-4138-95C3-56E5A6D15AB2}.Release|Any CPU.Build.0 = Release|Any CPU
	EndGlobalSection
	GlobalSection(SolutionProperties) = preSolution
		HideSolutionNode = FALSE
	EndGlobalSection
	GlobalSection(ExtensibilityGlobals) = postSolution
		SolutionGuid = {7F07CA05-BEC3-4767-84E2-EEF05E6BDA8A}
	EndGlobalSection
EndGlobal
