
Microsoft Visual Studio Solution File, Format Version 12.00
# Visual Studio 15
VisualStudioVersion = 15.0.28307.489
MinimumVisualStudioVersion = 10.0.40219.1
Project("{FAE04EC0-301F-11D3-BF4B-00C04F79EFBC}") = "Task1", "Task1\Task1.csproj", "{5ED2D374-AE40-4FB6-86F2-E0CDD1F61032}"
EndProject
Global
	GlobalSection(SolutionConfigurationPlatforms) = preSolution
		Debug|Any CPU = Debug|Any CPU
		Release|Any CPU = Release|Any CPU
	EndGlobalSection
	GlobalSection(ProjectConfigurationPlatforms) = postSolution
		{5ED2D374-AE40-4FB6-86F2-E0CDD1F61032}.Debug|Any CPU.ActiveCfg = Debug|Any CPU
		{5ED2D374-AE40-4FB6-86F2-E0CDD1F61032}.Debug|Any CPU.Build.0 = Debug|Any CPU
		{5ED2D374-AE40-4FB6-86F2-E0CDD1F61032}.Release|Any CPU.ActiveCfg = Release|Any CPU
		{5ED2D374-AE40-4FB6-86F2-E0CDD1F61032}.Release|Any CPU.Build.0 = Release|Any CPU
	EndGlobalSection
	GlobalSection(SolutionProperties) = preSolution
		HideSolutionNode = FALSE
	EndGlobalSection
	GlobalSection(ExtensibilityGlobals) = postSolution
		SolutionGuid = {FB68FDD3-5EDC-4287-A8D3-5E44298634A6}
	EndGlobalSection
EndGlobal
