
Microsoft Visual Studio Solution File, Format Version 12.00
# Visual Studio 15
VisualStudioVersion = 15.0.28307.489
MinimumVisualStudioVersion = 10.0.40219.1
Project("{FAE04EC0-301F-11D3-BF4B-00C04F79EFBC}") = "Task1", "Task1\Task1.csproj", "{CE4A8CCF-B623-4B3A-A362-C13C45708B2F}"
EndProject
Project("{FAE04EC0-301F-11D3-BF4B-00C04F79EFBC}") = "Task2", "Task2\Task2.csproj", "{F8D0F2A6-64E2-4233-92E1-5855438045AD}"
EndProject
Project("{FAE04EC0-301F-11D3-BF4B-00C04F79EFBC}") = "Task3", "Task3\Task3.csproj", "{DEC5C219-40BF-4CE6-B0F8-EDB822046815}"
EndProject
Global
	GlobalSection(SolutionConfigurationPlatforms) = preSolution
		Debug|Any CPU = Debug|Any CPU
		Release|Any CPU = Release|Any CPU
	EndGlobalSection
	GlobalSection(ProjectConfigurationPlatforms) = postSolution
		{CE4A8CCF-B623-4B3A-A362-C13C45708B2F}.Debug|Any CPU.ActiveCfg = Debug|Any CPU
		{CE4A8CCF-B623-4B3A-A362-C13C45708B2F}.Debug|Any CPU.Build.0 = Debug|Any CPU
		{CE4A8CCF-B623-4B3A-A362-C13C45708B2F}.Release|Any CPU.ActiveCfg = Release|Any CPU
		{CE4A8CCF-B623-4B3A-A362-C13C45708B2F}.Release|Any CPU.Build.0 = Release|Any CPU
		{F8D0F2A6-64E2-4233-92E1-5855438045AD}.Debug|Any CPU.ActiveCfg = Debug|Any CPU
		{F8D0F2A6-64E2-4233-92E1-5855438045AD}.Debug|Any CPU.Build.0 = Debug|Any CPU
		{F8D0F2A6-64E2-4233-92E1-5855438045AD}.Release|Any CPU.ActiveCfg = Release|Any CPU
		{F8D0F2A6-64E2-4233-92E1-5855438045AD}.Release|Any CPU.Build.0 = Release|Any CPU
		{DEC5C219-40BF-4CE6-B0F8-EDB822046815}.Debug|Any CPU.ActiveCfg = Debug|Any CPU
		{DEC5C219-40BF-4CE6-B0F8-EDB822046815}.Debug|Any CPU.Build.0 = Debug|Any CPU
		{DEC5C219-40BF-4CE6-B0F8-EDB822046815}.Release|Any CPU.ActiveCfg = Release|Any CPU
		{DEC5C219-40BF-4CE6-B0F8-EDB822046815}.Release|Any CPU.Build.0 = Release|Any CPU
	EndGlobalSection
	GlobalSection(SolutionProperties) = preSolution
		HideSolutionNode = FALSE
	EndGlobalSection
	GlobalSection(ExtensibilityGlobals) = postSolution
		SolutionGuid = {47B85CDC-2E79-463F-A4B3-4DB160D3AF5D}
	EndGlobalSection
EndGlobal
