
Microsoft Visual Studio Solution File, Format Version 12.00
# Visual Studio 15
VisualStudioVersion = 15.0.28307.489
MinimumVisualStudioVersion = 10.0.40219.1
Project("{FAE04EC0-301F-11D3-BF4B-00C04F79EFBC}") = "PL", "Grivin_Vasiliy_Task14_15\PL.csproj", "{2E9B36F2-2F3D-4128-97B8-06E059FD5EAC}"
EndProject
Project("{FAE04EC0-301F-11D3-BF4B-00C04F79EFBC}") = "DAL", "DAL\DAL.csproj", "{FEF76A51-DE27-4F7C-A753-78C428BE9A48}"
EndProject
Project("{FAE04EC0-301F-11D3-BF4B-00C04F79EFBC}") = "BLL", "BLL\BLL.csproj", "{7C9587CB-8A4B-4F4F-912D-EFB2F13FB7D8}"
EndProject
Project("{FAE04EC0-301F-11D3-BF4B-00C04F79EFBC}") = "Entities", "Entities\Entities.csproj", "{79345F0E-DEE4-4E6A-BBF4-B91A5BEA9671}"
EndProject
Global
	GlobalSection(SolutionConfigurationPlatforms) = preSolution
		Debug|Any CPU = Debug|Any CPU
		Release|Any CPU = Release|Any CPU
	EndGlobalSection
	GlobalSection(ProjectConfigurationPlatforms) = postSolution
		{2E9B36F2-2F3D-4128-97B8-06E059FD5EAC}.Debug|Any CPU.ActiveCfg = Debug|Any CPU
		{2E9B36F2-2F3D-4128-97B8-06E059FD5EAC}.Debug|Any CPU.Build.0 = Debug|Any CPU
		{2E9B36F2-2F3D-4128-97B8-06E059FD5EAC}.Release|Any CPU.ActiveCfg = Release|Any CPU
		{2E9B36F2-2F3D-4128-97B8-06E059FD5EAC}.Release|Any CPU.Build.0 = Release|Any CPU
		{FEF76A51-DE27-4F7C-A753-78C428BE9A48}.Debug|Any CPU.ActiveCfg = Debug|Any CPU
		{FEF76A51-DE27-4F7C-A753-78C428BE9A48}.Debug|Any CPU.Build.0 = Debug|Any CPU
		{FEF76A51-DE27-4F7C-A753-78C428BE9A48}.Release|Any CPU.ActiveCfg = Release|Any CPU
		{FEF76A51-DE27-4F7C-A753-78C428BE9A48}.Release|Any CPU.Build.0 = Release|Any CPU
		{7C9587CB-8A4B-4F4F-912D-EFB2F13FB7D8}.Debug|Any CPU.ActiveCfg = Debug|Any CPU
		{7C9587CB-8A4B-4F4F-912D-EFB2F13FB7D8}.Debug|Any CPU.Build.0 = Debug|Any CPU
		{7C9587CB-8A4B-4F4F-912D-EFB2F13FB7D8}.Release|Any CPU.ActiveCfg = Release|Any CPU
		{7C9587CB-8A4B-4F4F-912D-EFB2F13FB7D8}.Release|Any CPU.Build.0 = Release|Any CPU
		{79345F0E-DEE4-4E6A-BBF4-B91A5BEA9671}.Debug|Any CPU.ActiveCfg = Debug|Any CPU
		{79345F0E-DEE4-4E6A-BBF4-B91A5BEA9671}.Debug|Any CPU.Build.0 = Debug|Any CPU
		{79345F0E-DEE4-4E6A-BBF4-B91A5BEA9671}.Release|Any CPU.ActiveCfg = Release|Any CPU
		{79345F0E-DEE4-4E6A-BBF4-B91A5BEA9671}.Release|Any CPU.Build.0 = Release|Any CPU
	EndGlobalSection
	GlobalSection(SolutionProperties) = preSolution
		HideSolutionNode = FALSE
	EndGlobalSection
	GlobalSection(ExtensibilityGlobals) = postSolution
		SolutionGuid = {CF28B85E-019F-4222-A30B-40A2EEDD7641}
	EndGlobalSection
EndGlobal
